
Microsoft Visual Studio Solution File, Format Version 12.00
# Visual Studio Version 17
VisualStudioVersion = 17.5.33627.172
MinimumVisualStudioVersion = 10.0.40219.1
Project("{FAE04EC0-301F-11D3-BF4B-00C04F79EFBC}") = "Souq", "Souq\Souq.csproj", "{4FD30D01-3B04-4D9F-838B-61A41CE1092D}"
EndProject
Global
	GlobalSection(SolutionConfigurationPlatforms) = preSolution
		Debug|Any CPU = Debug|Any CPU
		Release|Any CPU = Release|Any CPU
	EndGlobalSection
	GlobalSection(ProjectConfigurationPlatforms) = postSolution
		{4FD30D01-3B04-4D9F-838B-61A41CE1092D}.Debug|Any CPU.ActiveCfg = Debug|Any CPU
		{4FD30D01-3B04-4D9F-838B-61A41CE1092D}.Debug|Any CPU.Build.0 = Debug|Any CPU
		{4FD30D01-3B04-4D9F-838B-61A41CE1092D}.Release|Any CPU.ActiveCfg = Release|Any CPU
		{4FD30D01-3B04-4D9F-838B-61A41CE1092D}.Release|Any CPU.Build.0 = Release|Any CPU
	EndGlobalSection
	GlobalSection(SolutionProperties) = preSolution
		HideSolutionNode = FALSE
	EndGlobalSection
	GlobalSection(ExtensibilityGlobals) = postSolution
		SolutionGuid = {7D65E77C-68C0-4051-8013-EEA3B9CD9487}
	EndGlobalSection
EndGlobal
